
Microsoft Visual Studio Solution File, Format Version 12.00
# Visual Studio Version 16
VisualStudioVersion = 16.0.31410.357
MinimumVisualStudioVersion = 10.0.40219.1
Project("{8BC9CEB8-8B4A-11D0-8D11-00A0C91BC942}") = "Draw a rectangle using pen on mfc view", "Draw a rectangle using pen on mfc view\Draw a rectangle using pen on mfc view.vcxproj", "{87E362B7-3172-489D-B3EF-B708302469D7}"
EndProject
Global
	GlobalSection(SolutionConfigurationPlatforms) = preSolution
		Debug|x64 = Debug|x64
		Debug|x86 = Debug|x86
		Release|x64 = Release|x64
		Release|x86 = Release|x86
	EndGlobalSection
	GlobalSection(ProjectConfigurationPlatforms) = postSolution
		{87E362B7-3172-489D-B3EF-B708302469D7}.Debug|x64.ActiveCfg = Debug|x64
		{87E362B7-3172-489D-B3EF-B708302469D7}.Debug|x64.Build.0 = Debug|x64
		{87E362B7-3172-489D-B3EF-B708302469D7}.Debug|x86.ActiveCfg = Debug|Win32
		{87E362B7-3172-489D-B3EF-B708302469D7}.Debug|x86.Build.0 = Debug|Win32
		{87E362B7-3172-489D-B3EF-B708302469D7}.Release|x64.ActiveCfg = Release|x64
		{87E362B7-3172-489D-B3EF-B708302469D7}.Release|x64.Build.0 = Release|x64
		{87E362B7-3172-489D-B3EF-B708302469D7}.Release|x86.ActiveCfg = Release|Win32
		{87E362B7-3172-489D-B3EF-B708302469D7}.Release|x86.Build.0 = Release|Win32
	EndGlobalSection
	GlobalSection(SolutionProperties) = preSolution
		HideSolutionNode = FALSE
	EndGlobalSection
	GlobalSection(ExtensibilityGlobals) = postSolution
		SolutionGuid = {5EFB7C18-8FC0-4BA3-9B78-03A6CF7F2C82}
	EndGlobalSection
EndGlobal
